[[package]]
name = "package"
version = "0.1.1"
description = "package is a package to package your package"
category = "main"
optional = false
python-versions = "*"

[[package]]
name = "prompt"
version = "0.4.1"
description = "Library for prompting input on the command line."
category = "main"
optional = false
python-versions = ">=3.3"

[metadata]
lock-version = "1.1"
python-versions = "^3.8"
content-hash = "01d021b11e1352ea9020d44cbfc9ebcfcf93d18fe06d28a42a1ee185ef56aefd"

[metadata.files]
package = [
    {file = "package-0.1.1.tar.gz", hash = "sha256:01eee19a56a936bd63222f0a3c531fcdba37b5ad1bd833b960d62fb960b4955e"},
]
prompt = [
    {file = "prompt-0.4.1-py3-none-any.whl", hash = "sha256:98527de8dc3f0aa29669a39fbffeaf578ba6654dc836f737b6a5c6f9279002b7"},
    {file = "prompt-0.4.1.tar.gz", hash = "sha256:8a7694b88f8c65188a983315e72582bf42fcc251b97042be1d2a2ad1aa0ebe0e"},
]
